// !$*UTF8*$!
{
	archiveVersion = 1;
	classes = {
	};
	objectVersion = 50;
	objects = {

/* Begin PBXBuildFile section */
		EC8F65D22294973E002DE1C4 /* AppDelegate.m in Sources */ = {isa = PBXBuildFile; fileRef = EC8F65D12294973E002DE1C4 /* AppDelegate.m */; };
		EC8F65D52294973E002DE1C4 /* ViewController.m in Sources */ = {isa = PBXBuildFile; fileRef = EC8F65D42294973E002DE1C4 /* ViewController.m */; };
		EC8F65D82294973E002DE1C4 /* Main.storyboard in Resources */ = {isa = PBXBuildFile; fileRef = EC8F65D62294973E002DE1C4 /* Main.storyboard */; };
		EC8F65DA22949740002DE1C4 /* Assets.xcassets in Resources */ = {isa = PBXBuildFile; fileRef = EC8F65D922949740002DE1C4 /* Assets.xcassets */; };
		EC8F65DD22949740002DE1C4 /* LaunchScreen.storyboard in Resources */ = {isa = PBXBuildFile; fileRef = EC8F65DB22949740002DE1C4 /* LaunchScreen.storyboard */; };
		EC8F65E022949740002DE1C4 /* main.m in Sources */ = {isa = PBXBuildFile; fileRef = EC8F65DF22949740002DE1C4 /* main.m */; };
/* End PBXBuildFile section */

/* Begin PBXFileReference section */
		EC8F65CD2294973E002DE1C4 /* DeckOfOneCardObjectiveC.app */ = {isa = PBXFileReference; explicitFileType = wrapper.application; includeInIndex = 0; path = DeckOfOneCardObjectiveC.app; sourceTree = BUILT_PRODUCTS_DIR; };
		EC8F65D02294973E002DE1C4 /* AppDelegate.h */ = {isa = PBXFileReference; lastKnownFileType = sourcecode.c.h; path = AppDelegate.h; sourceTree = "<group>"; };
		EC8F65D12294973E002DE1C4 /* AppDelegate.m */ = {isa = PBXFileReference; lastKnownFileType = sourcecode.c.objc; path = AppDelegate.m; sourceTree = "<group>"; };
		EC8F65D32294973E002DE1C4 /* ViewController.h */ = {isa = PBXFileReference; lastKnownFileType = sourcecode.c.h; path = ViewController.h; sourceTree = "<group>"; };
		EC8F65D42294973E002DE1C4 /* ViewController.m */ = {isa = PBXFileReference; lastKnownFileType = sourcecode.c.objc; path = ViewController.m; sourceTree = "<group>"; };
		EC8F65D72294973E002DE1C4 /* Base */ = {isa = PBXFileReference; lastKnownFileType = file.storyboard; name = Base; path = Base.lproj/Main.storyboard; sourceTree = "<group>"; };
		EC8F65D922949740002DE1C4 /* Assets.xcassets */ = {isa = PBXFileReference; lastKnownFileType = folder.assetcatalog; path = Assets.xcassets; sourceTree = "<group>"; };
		EC8F65DC22949740002DE1C4 /* Base */ = {isa = PBXFileReference; lastKnownFileType = file.storyboard; name = Base; path = Base.lproj/LaunchScreen.storyboard; sourceTree = "<group>"; };
		EC8F65DE22949740002DE1C4 /* Info.plist */ = {isa = PBXFileReference; lastKnownFileType = text.plist.xml; path = Info.plist; sourceTree = "<group>"; };
		EC8F65DF22949740002DE1C4 /* main.m */ = {isa = PBXFileReference; lastKnownFileType = sourcecode.c.objc; path = main.m; sourceTree = "<group>"; };
/* End PBXFileReference section */

/* Begin PBXFrameworksBuildPhase section */
		EC8F65CA2294973E002DE1C4 /* Frameworks */ = {
			isa = PBXFrameworksBuildPhase;
			buildActionMask = 2147483647;
			files = (
			);
			runOnlyForDeploymentPostprocessing = 0;
		};
/* End PBXFrameworksBuildPhase section */

/* Begin PBXGroup section */
		EC8F65C42294973E002DE1C4 = {
			isa = PBXGroup;
			children = (
				EC8F65CF2294973E002DE1C4 /* DeckOfOneCardObjectiveC */,
				EC8F65CE2294973E002DE1C4 /* Products */,
			);
			sourceTree = "<group>";
		};
		EC8F65CE2294973E002DE1C4 /* Products */ = {
			isa = PBXGroup;
			children = (
				EC8F65CD2294973E002DE1C4 /* DeckOfOneCardObjectiveC.app */,
			);
			name = Products;
			sourceTree = "<group>";
		};
		EC8F65CF2294973E002DE1C4 /* DeckOfOneCardObjectiveC */ = {
			isa = PBXGroup;
			children = (
				EC8F65D02294973E002DE1C4 /* AppDelegate.h */,
				EC8F65D12294973E002DE1C4 /* AppDelegate.m */,
				EC8F65D32294973E002DE1C4 /* ViewController.h */,
				EC8F65D42294973E002DE1C4 /* ViewController.m */,
				EC8F65D62294973E002DE1C4 /* Main.storyboard */,
				EC8F65D922949740002DE1C4 /* Assets.xcassets */,
				EC8F65DB22949740002DE1C4 /* LaunchScreen.storyboard */,
				EC8F65DE22949740002DE1C4 /* Info.plist */,
				EC8F65DF22949740002DE1C4 /* main.m */,
			);
			path = DeckOfOneCardObjectiveC;
			sourceTree = "<group>";
		};
/* End PBXGroup section */

/* Begin PBXNativeTarget section */
		EC8F65CC2294973E002DE1C4 /* DeckOfOneCardObjectiveC */ = {
			isa = PBXNativeTarget;
			buildConfigurationList = EC8F65E322949740002DE1C4 /* Build configuration list for PBXNativeTarget "DeckOfOneCardObjectiveC" */;
			buildPhases = (
				EC8F65C92294973E002DE1C4 /* Sources */,
				EC8F65CA2294973E002DE1C4 /* Frameworks */,
				EC8F65CB2294973E002DE1C4 /* Resources */,
			);
			buildRules = (
			);
			dependencies = (
			);
			name = DeckOfOneCardObjectiveC;
			productName = DeckOfOneCardObjectiveC;
			productReference = EC8F65CD2294973E002DE1C4 /* DeckOfOneCardObjectiveC.app */;
			productType = "com.apple.product-type.application";
		};
/* End PBXNativeTarget section */

/* Begin PBXProject section */
		EC8F65C52294973E002DE1C4 /* Project object */ = {
			isa = PBXProject;
			attributes = {
				LastUpgradeCheck = 1020;
				ORGANIZATIONNAME = "Lo Howard";
				TargetAttributes = {
					EC8F65CC2294973E002DE1C4 = {
						CreatedOnToolsVersion = 10.2.1;
					};
				};
			};
			buildConfigurationList = EC8F65C82294973E002DE1C4 /* Build configuration list for PBXProject "DeckOfOneCardObjectiveC" */;
			compatibilityVersion = "Xcode 9.3";
			developmentRegion = en;
			hasScannedForEncodings = 0;
			knownRegions = (
				en,
				Base,
			);
			mainGroup = EC8F65C42294973E002DE1C4;
			productRefGroup = EC8F65CE2294973E002DE1C4 /* Products */;
			projectDirPath = "";
			projectRoot = "";
			targets = (
				EC8F65CC2294973E002DE1C4 /* DeckOfOneCardObjectiveC */,
			);
		};
/* End PBXProject section */

/* Begin PBXResourcesBuildPhase section */
		EC8F65CB2294973E002DE1C4 /* Resources */ = {
			isa = PBXResourcesBuildPhase;
			buildActionMask = 2147483647;
			files = (
				EC8F65DD22949740002DE1C4 /* LaunchScreen.storyboard in Resources */,
				EC8F65DA22949740002DE1C4 /* Assets.xcassets in Resources */,
				EC8F65D82294973E002DE1C4 /* Main.storyboard in Resources */,
			);
			runOnlyForDeploymentPostprocessing = 0;
		};
/* End PBXResourcesBuildPhase section */

/* Begin PBXSourcesBuildPhase section */
		EC8F65C92294973E002DE1C4 /* Sources */ = {
			isa = PBXSourcesBuildPhase;
			buildActionMask = 2147483647;
			files = (
				EC8F65D52294973E002DE1C4 /* ViewController.m in Sources */,
				EC8F65E022949740002DE1C4 /* main.m in Sources */,
				EC8F65D22294973E002DE1C4 /* AppDelegate.m in Sources */,
			);
			runOnlyForDeploymentPostprocessing = 0;
		};
/* End PBXSourcesBuildPhase section */

/* Begin PBXVariantGroup section */
		EC8F65D62294973E002DE1C4 /* Main.storyboard */ = {
			isa = PBXVariantGroup;
			children = (
				EC8F65D72294973E002DE1C4 /* Base */,
			);
			name = Main.storyboard;
			sourceTree = "<group>";
		};
		EC8F65DB22949740002DE1C4 /* LaunchScreen.storyboard */ = {
			isa = PBXVariantGroup;
			children = (
				EC8F65DC22949740002DE1C4 /* Base */,
			);
			name = LaunchScreen.storyboard;
			sourceTree = "<group>";
		};
/* End PBXVariantGroup section */

/* Begin XCBuildConfiguration section */
		EC8F65E122949740002DE1C4 /* Debug */ = {
			isa = XCBuildConfiguration;
			buildSettings = {
				ALWAYS_SEARCH_USER_PATHS = NO;
				CLANG_ANALYZER_NONNULL = YES;
				CLANG_ANALYZER_NUMBER_OBJECT_CONVERSION = YES_AGGRESSIVE;
				CLANG_CXX_LANGUAGE_STANDARD = "gnu++14";
				CLANG_CXX_LIBRARY = "libc++";
				CLANG_ENABLE_MODULES = YES;
				CLANG_ENABLE_OBJC_ARC = YES;
				CLANG_ENABLE_OBJC_WEAK = YES;
				CLANG_WARN_BLOCK_CAPTURE_AUTORELEASING = YES;
				CLANG_WARN_BOOL_CONVERSION = YES;
				CLANG_WARN_COMMA = YES;
				CLANG_WARN_CONSTANT_CONVERSION = YES;
				CLANG_WARN_DEPRECATED_OBJC_IMPLEMENTATIONS = YES;
				CLANG_WARN_DIRECT_OBJC_ISA_USAGE = YES_ERROR;
				CLANG_WARN_DOCUMENTATION_COMMENTS = YES;
				CLANG_WARN_EMPTY_BODY = YES;
				CLANG_WARN_ENUM_CONVERSION = YES;
				CLANG_WARN_INFINITE_RECURSION = YES;
				CLANG_WARN_INT_CONVERSION = YES;
				CLANG_WARN_NON_LITERAL_NULL_CONVERSION = YES;
				CLANG_WARN_OBJC_IMPLICIT_RETAIN_SELF = YES;
				CLANG_WARN_OBJC_LITERAL_CONVERSION = YES;
				CLANG_WARN_OBJC_ROOT_CLASS = YES_ERROR;
				CLANG_WARN_RANGE_LOOP_ANALYSIS = YES;
				CLANG_WARN_STRICT_PROTOTYPES = YES;
				CLANG_WARN_SUSPICIOUS_MOVE = YES;
				CLANG_WARN_UNGUARDED_AVAILABILITY = YES_AGGRESSIVE;
				CLANG_WARN_UNREACHABLE_CODE = YES;
				CLANG_WARN__DUPLICATE_METHOD_MATCH = YES;
				CODE_SIGN_IDENTITY = "iPhone Developer";
				COPY_PHASE_STRIP = NO;
				DEBUG_INFORMATION_FORMAT = dwarf;
				ENABLE_STRICT_OBJC_MSGSEND = YES;
				ENABLE_TESTABILITY = YES;
				GCC_C_LANGUAGE_STANDARD = gnu11;
				GCC_DYNAMIC_NO_PIC = NO;
				GCC_NO_COMMON_BLOCKS = YES;
				GCC_OPTIMIZATION_LEVEL = 0;
				GCC_PREPROCESSOR_DEFINITIONS = (
					"DEBUG=1",
					"$(inherited)",
				);
				GCC_WARN_64_TO_32_BIT_CONVERSION = YES;
				GCC_WARN_ABOUT_RETURN_TYPE = YES_ERROR;
				GCC_WARN_UNDECLARED_SELECTOR = YES;
				GCC_WARN_UNINITIALIZED_AUTOS = YES_AGGRESSIVE;
				GCC_WARN_UNUSED_FUNCTION = YES;
				GCC_WARN_UNUSED_VARIABLE = YES;
				IPHONEOS_DEPLOYMENT_TARGET = 12.2;
				MTL_ENABLE_DEBUG_INFO = INCLUDE_SOURCE;
				MTL_FAST_MATH = YES;
				ONLY_ACTIVE_ARCH = YES;
				SDKROOT = iphoneos;
			};
			name = Debug;
		};
		EC8F65E222949740002DE1C4 /* Release */ = {
			isa = XCBuildConfiguration;
			buildSettings = {
				ALWAYS_SEARCH_USER_PATHS = NO;
				CLANG_ANALYZER_NONNULL = YES;
				CLANG_ANALYZER_NUMBER_OBJECT_CONVERSION = YES_AGGRESSIVE;
				CLANG_CXX_LANGUAGE_STANDARD = "gnu++14";
				CLANG_CXX_LIBRARY = "libc++";
				CLANG_ENABLE_MODULES = YES;
				CLANG_ENABLE_OBJC_ARC = YES;
				CLANG_ENABLE_OBJC_WEAK = YES;
				CLANG_WARN_BLOCK_CAPTURE_AUTORELEASING = YES;
				CLANG_WARN_BOOL_CONVERSION = YES;
				CLANG_WARN_COMMA = YES;
				CLANG_WARN_CONSTANT_CONVERSION = YES;
				CLANG_WARN_DEPRECATED_OBJC_IMPLEMENTATIONS = YES;
				CLANG_WARN_DIRECT_OBJC_ISA_USAGE = YES_ERROR;
				CLANG_WARN_DOCUMENTATION_COMMENTS = YES;
				CLANG_WARN_EMPTY_BODY = YES;
				CLANG_WARN_ENUM_CONVERSION = YES;
				CLANG_WARN_INFINITE_RECURSION = YES;
				CLANG_WARN_INT_CONVERSION = YES;
				CLANG_WARN_NON_LITERAL_NULL_CONVERSION = YES;
				CLANG_WARN_OBJC_IMPLICIT_RETAIN_SELF = YES;
				CLANG_WARN_OBJC_LITERAL_CONVERSION = YES;
				CLANG_WARN_OBJC_ROOT_CLASS = YES_ERROR;
				CLANG_WARN_RANGE_LOOP_ANALYSIS = YES;
				CLANG_WARN_STRICT_PROTOTYPES = YES;
				CLANG_WARN_SUSPICIOUS_MOVE = YES;
				CLANG_WARN_UNGUARDED_AVAILABILITY = YES_AGGRESSIVE;
				CLANG_WARN_UNREACHABLE_CODE = YES;
				CLANG_WARN__DUPLICATE_METHOD_MATCH = YES;
				CODE_SIGN_IDENTITY = "iPhone Developer";
				COPY_PHASE_STRIP = NO;
				DEBUG_INFORMATION_FORMAT = "dwarf-with-dsym";
				ENABLE_NS_ASSERTIONS = NO;
				ENABLE_STRICT_OBJC_MSGSEND = YES;
				GCC_C_LANGUAGE_STANDARD = gnu11;
				GCC_NO_COMMON_BLOCKS = YES;
				GCC_WARN_64_TO_32_BIT_CONVERSION = YES;
				GCC_WARN_ABOUT_RETURN_TYPE = YES_ERROR;
				GCC_WARN_UNDECLARED_SELECTOR = YES;
				GCC_WARN_UNINITIALIZED_AUTOS = YES_AGGRESSIVE;
				GCC_WARN_UNUSED_FUNCTION = YES;
				GCC_WARN_UNUSED_VARIABLE = YES;
				IPHONEOS_DEPLOYMENT_TARGET = 12.2;
				MTL_ENABLE_DEBUG_INFO = NO;
				MTL_FAST_MATH = YES;
				SDKROOT = iphoneos;
				VALIDATE_PRODUCT = YES;
			};
			name = Release;
		};
		EC8F65E422949740002DE1C4 /* Debug */ = {
			isa = XCBuildConfiguration;
			buildSettings = {
				ASSETCATALOG_COMPILER_APPICON_NAME = AppIcon;
				CODE_SIGN_STYLE = Automatic;
				DEVELOPMENT_TEAM = VGUCD6ZAV7;
				INFOPLIST_FILE = DeckOfOneCardObjectiveC/Info.plist;
				LD_RUNPATH_SEARCH_PATHS = (
					"$(inherited)",
					"@executable_path/Frameworks",
				);
				PRODUCT_BUNDLE_IDENTIFIER = com.Lo.DeckOfOneCardObjectiveC;
				PRODUCT_NAME = "$(TARGET_NAME)";
				TARGETED_DEVICE_FAMILY = "1,2";
			};
			name = Debug;
		};
		EC8F65E522949740002DE1C4 /* Release */ = {
			isa = XCBuildConfiguration;
			buildSettings = {
				ASSETCATALOG_COMPILER_APPICON_NAME = AppIcon;
				CODE_SIGN_STYLE = Automatic;
				DEVELOPMENT_TEAM = VGUCD6ZAV7;
				INFOPLIST_FILE = DeckOfOneCardObjectiveC/Info.plist;
				LD_RUNPATH_SEARCH_PATHS = (
					"$(inherited)",
					"@executable_path/Frameworks",
				);
				PRODUCT_BUNDLE_IDENTIFIER = com.Lo.DeckOfOneCardObjectiveC;
				PRODUCT_NAME = "$(TARGET_NAME)";
				TARGETED_DEVICE_FAMILY = "1,2";
			};
			name = Release;
		};
/* End XCBuildConfiguration section */

/* Begin XCConfigurationList section */
		EC8F65C82294973E002DE1C4 /* Build configuration list for PBXProject "DeckOfOneCardObjectiveC" */ = {
			isa = XCConfigurationList;
			buildConfigurations = (
				EC8F65E122949740002DE1C4 /* Debug */,
				EC8F65E222949740002DE1C4 /* Release */,
			);
			defaultConfigurationIsVisible = 0;
			defaultConfigurationName = Release;
		};
		EC8F65E322949740002DE1C4 /* Build configuration list for PBXNativeTarget "DeckOfOneCardObjectiveC" */ = {
			isa = XCConfigurationList;
			buildConfigurations = (
				EC8F65E422949740002DE1C4 /* Debug */,
				EC8F65E522949740002DE1C4 /* Release */,
			);
			defaultConfigurationIsVisible = 0;
			defaultConfigurationName = Release;
		};
/* End XCConfigurationList section */
	};
	rootObject = EC8F65C52294973E002DE1C4 /* Project object */;
}
